
Microsoft Visual Studio Solution File, Format Version 12.00
# Visual Studio Version 16
VisualStudioVersion = 16.0.31205.134
MinimumVisualStudioVersion = 10.0.40219.1
Project("{FAE04EC0-301F-11D3-BF4B-00C04F79EFBC}") = "AudioTrimer", "AudioTrimer\AudioTrimer.csproj", "{5A56C7C4-2040-4454-A053-A1BB351F9A76}"
EndProject
Global
	GlobalSection(SolutionConfigurationPlatforms) = preSolution
		Debug|Any CPU = Debug|Any CPU
		Debug|x64 = Debug|x64
		Release|Any CPU = Release|Any CPU
		Release|x64 = Release|x64
	EndGlobalSection
	GlobalSection(ProjectConfigurationPlatforms) = postSolution
		{5A56C7C4-2040-4454-A053-A1BB351F9A76}.Debug|Any CPU.ActiveCfg = Debug|Any CPU
		{5A56C7C4-2040-4454-A053-A1BB351F9A76}.Debug|Any CPU.Build.0 = Debug|Any CPU
		{5A56C7C4-2040-4454-A053-A1BB351F9A76}.Debug|x64.ActiveCfg = Debug|x64
		{5A56C7C4-2040-4454-A053-A1BB351F9A76}.Debug|x64.Build.0 = Debug|x64
		{5A56C7C4-2040-4454-A053-A1BB351F9A76}.Release|Any CPU.ActiveCfg = Release|Any CPU
		{5A56C7C4-2040-4454-A053-A1BB351F9A76}.Release|Any CPU.Build.0 = Release|Any CPU
		{5A56C7C4-2040-4454-A053-A1BB351F9A76}.Release|x64.ActiveCfg = Release|x64
		{5A56C7C4-2040-4454-A053-A1BB351F9A76}.Release|x64.Build.0 = Release|x64
	EndGlobalSection
	GlobalSection(SolutionProperties) = preSolution
		HideSolutionNode = FALSE
	EndGlobalSection
	GlobalSection(ExtensibilityGlobals) = postSolution
		SolutionGuid = {C2385A78-3DB9-4F65-9769-B5D4BCFD83CD}
	EndGlobalSection
EndGlobal
